
Microsoft Visual Studio Solution File, Format Version 12.00
# Visual Studio Version 16
VisualStudioVersion = 25.0.1703.8
MinimumVisualStudioVersion = 10.0.40219.1
Project("{FAE04EC0-301F-11D3-BF4B-00C04F79EFBC}") = "Achilles_Navid_Demo", "Achilles_Navid_Demo\Achilles_Navid_Demo.csproj", "{EC36F870-6B9B-4B3B-97CC-12FE66C4498A}"
EndProject
Project("{FAE04EC0-301F-11D3-BF4B-00C04F79EFBC}") = "PersonDb", "PersonDb\PersonDb.csproj", "{8F7BB996-DAB9-46B8-B602-9C5606FB2F18}"
EndProject
Project("{FAE04EC0-301F-11D3-BF4B-00C04F79EFBC}") = "Models", "Models\Models.csproj", "{ADDB98D7-8ADA-4588-9974-570CA56B227E}"
EndProject
Global
	GlobalSection(SolutionConfigurationPlatforms) = preSolution
		Debug|Any CPU = Debug|Any CPU
		Release|Any CPU = Release|Any CPU
	EndGlobalSection
	GlobalSection(ProjectConfigurationPlatforms) = postSolution
		{EC36F870-6B9B-4B3B-97CC-12FE66C4498A}.Debug|Any CPU.ActiveCfg = Debug|Any CPU
		{EC36F870-6B9B-4B3B-97CC-12FE66C4498A}.Debug|Any CPU.Build.0 = Debug|Any CPU
		{EC36F870-6B9B-4B3B-97CC-12FE66C4498A}.Release|Any CPU.ActiveCfg = Release|Any CPU
		{EC36F870-6B9B-4B3B-97CC-12FE66C4498A}.Release|Any CPU.Build.0 = Release|Any CPU
		{8F7BB996-DAB9-46B8-B602-9C5606FB2F18}.Debug|Any CPU.ActiveCfg = Debug|Any CPU
		{8F7BB996-DAB9-46B8-B602-9C5606FB2F18}.Debug|Any CPU.Build.0 = Debug|Any CPU
		{8F7BB996-DAB9-46B8-B602-9C5606FB2F18}.Release|Any CPU.ActiveCfg = Release|Any CPU
		{8F7BB996-DAB9-46B8-B602-9C5606FB2F18}.Release|Any CPU.Build.0 = Release|Any CPU
		{ADDB98D7-8ADA-4588-9974-570CA56B227E}.Debug|Any CPU.ActiveCfg = Debug|Any CPU
		{ADDB98D7-8ADA-4588-9974-570CA56B227E}.Debug|Any CPU.Build.0 = Debug|Any CPU
		{ADDB98D7-8ADA-4588-9974-570CA56B227E}.Release|Any CPU.ActiveCfg = Release|Any CPU
		{ADDB98D7-8ADA-4588-9974-570CA56B227E}.Release|Any CPU.Build.0 = Release|Any CPU
	EndGlobalSection
	GlobalSection(SolutionProperties) = preSolution
		HideSolutionNode = FALSE
	EndGlobalSection
	GlobalSection(ExtensibilityGlobals) = postSolution
		SolutionGuid = {E92A21A7-E70E-4C3D-999E-FB01FFEA8730}
	EndGlobalSection
EndGlobal
